// !$*UTF8*$!
{
	archiveVersion = 1;
	classes = {
	};
	objectVersion = 55;
	objects = {

/* Begin PBXBuildFile section */
		F20E6395273012B0001D50AA /* AppDelegate.swift in Sources */ = {isa = PBXBuildFile; fileRef = F20E6394273012B0001D50AA /* AppDelegate.swift */; };
		F20E6397273012B0001D50AA /* SceneDelegate.swift in Sources */ = {isa = PBXBuildFile; fileRef = F20E6396273012B0001D50AA /* SceneDelegate.swift */; };
		F20E6399273012B0001D50AA /* ViewController.swift in Sources */ = {isa = PBXBuildFile; fileRef = F20E6398273012B0001D50AA /* ViewController.swift */; };
		F20E639C273012B0001D50AA /* Main.storyboard in Resources */ = {isa = PBXBuildFile; fileRef = F20E639A273012B0001D50AA /* Main.storyboard */; };
		F20E639F273012B0001D50AA /* NewsAppDemo.xcdatamodeld in Sources */ = {isa = PBXBuildFile; fileRef = F20E639D273012B0001D50AA /* NewsAppDemo.xcdatamodeld */; };
		F20E63A1273012B2001D50AA /* Assets.xcassets in Resources */ = {isa = PBXBuildFile; fileRef = F20E63A0273012B2001D50AA /* Assets.xcassets */; };
		F20E63A4273012B2001D50AA /* LaunchScreen.storyboard in Resources */ = {isa = PBXBuildFile; fileRef = F20E63A2273012B2001D50AA /* LaunchScreen.storyboard */; };
		F20E63AF273012B3001D50AA /* NewsAppDemoTests.swift in Sources */ = {isa = PBXBuildFile; fileRef = F20E63AE273012B3001D50AA /* NewsAppDemoTests.swift */; };
		F20E63B9273012B3001D50AA /* NewsAppDemoUITests.swift in Sources */ = {isa = PBXBuildFile; fileRef = F20E63B8273012B3001D50AA /* NewsAppDemoUITests.swift */; };
		F20E63BB273012B3001D50AA /* NewsAppDemoUITestsLaunchTests.swift in Sources */ = {isa = PBXBuildFile; fileRef = F20E63BA273012B3001D50AA /* NewsAppDemoUITestsLaunchTests.swift */; };
/* End PBXBuildFile section */

/* Begin PBXContainerItemProxy section */
		F20E63AB273012B3001D50AA /* PBXContainerItemProxy */ = {
			isa = PBXContainerItemProxy;
			containerPortal = F20E6389273012B0001D50AA /* Project object */;
			proxyType = 1;
			remoteGlobalIDString = F20E6390273012B0001D50AA;
			remoteInfo = NewsAppDemo;
		};
		F20E63B5273012B3001D50AA /* PBXContainerItemProxy */ = {
			isa = PBXContainerItemProxy;
			containerPortal = F20E6389273012B0001D50AA /* Project object */;
			proxyType = 1;
			remoteGlobalIDString = F20E6390273012B0001D50AA;
			remoteInfo = NewsAppDemo;
		};
/* End PBXContainerItemProxy section */

/* Begin PBXFileReference section */
		F20E6391273012B0001D50AA /* NewsAppDemo.app */ = {isa = PBXFileReference; explicitFileType = wrapper.application; includeInIndex = 0; path = NewsAppDemo.app; sourceTree = BUILT_PRODUCTS_DIR; };
		F20E6394273012B0001D50AA /* AppDelegate.swift */ = {isa = PBXFileReference; lastKnownFileType = sourcecode.swift; path = AppDelegate.swift; sourceTree = "<group>"; };
		F20E6396273012B0001D50AA /* SceneDelegate.swift */ = {isa = PBXFileReference; lastKnownFileType = sourcecode.swift; path = SceneDelegate.swift; sourceTree = "<group>"; };
		F20E6398273012B0001D50AA /* ViewController.swift */ = {isa = PBXFileReference; lastKnownFileType = sourcecode.swift; path = ViewController.swift; sourceTree = "<group>"; };
		F20E639B273012B0001D50AA /* Base */ = {isa = PBXFileReference; lastKnownFileType = file.storyboard; name = Base; path = Base.lproj/Main.storyboard; sourceTree = "<group>"; };
		F20E639E273012B0001D50AA /* NewsAppDemo.xcdatamodel */ = {isa = PBXFileReference; lastKnownFileType = wrapper.xcdatamodel; path = NewsAppDemo.xcdatamodel; sourceTree = "<group>"; };
		F20E63A0273012B2001D50AA /* Assets.xcassets */ = {isa = PBXFileReference; lastKnownFileType = folder.assetcatalog; path = Assets.xcassets; sourceTree = "<group>"; };
		F20E63A3273012B2001D50AA /* Base */ = {isa = PBXFileReference; lastKnownFileType = file.storyboard; name = Base; path = Base.lproj/LaunchScreen.storyboard; sourceTree = "<group>"; };
		F20E63A5273012B2001D50AA /* Info.plist */ = {isa = PBXFileReference; lastKnownFileType = text.plist.xml; path = Info.plist; sourceTree = "<group>"; };
		F20E63AA273012B3001D50AA /* NewsAppDemoTests.xctest */ = {isa = PBXFileReference; explicitFileType = wrapper.cfbundle; includeInIndex = 0; path = NewsAppDemoTests.xctest; sourceTree = BUILT_PRODUCTS_DIR; };
		F20E63AE273012B3001D50AA /* NewsAppDemoTests.swift */ = {isa = PBXFileReference; lastKnownFileType = sourcecode.swift; path = NewsAppDemoTests.swift; sourceTree = "<group>"; };
		F20E63B4273012B3001D50AA /* NewsAppDemoUITests.xctest */ = {isa = PBXFileReference; explicitFileType = wrapper.cfbundle; includeInIndex = 0; path = NewsAppDemoUITests.xctest; sourceTree = BUILT_PRODUCTS_DIR; };
		F20E63B8273012B3001D50AA /* NewsAppDemoUITests.swift */ = {isa = PBXFileReference; lastKnownFileType = sourcecode.swift; path = NewsAppDemoUITests.swift; sourceTree = "<group>"; };
		F20E63BA273012B3001D50AA /* NewsAppDemoUITestsLaunchTests.swift */ = {isa = PBXFileReference; lastKnownFileType = sourcecode.swift; path = NewsAppDemoUITestsLaunchTests.swift; sourceTree = "<group>"; };
/* End PBXFileReference section */

/* Begin PBXFrameworksBuildPhase section */
		F20E638E273012B0001D50AA /* Frameworks */ = {
			isa = PBXFrameworksBuildPhase;
			buildActionMask = 2147483647;
			files = (
			);
			runOnlyForDeploymentPostprocessing = 0;
		};
		F20E63A7273012B3001D50AA /* Frameworks */ = {
			isa = PBXFrameworksBuildPhase;
			buildActionMask = 2147483647;
			files = (
			);
			runOnlyForDeploymentPostprocessing = 0;
		};
		F20E63B1273012B3001D50AA /* Frameworks */ = {
			isa = PBXFrameworksBuildPhase;
			buildActionMask = 2147483647;
			files = (
			);
			runOnlyForDeploymentPostprocessing = 0;
		};
/* End PBXFrameworksBuildPhase section */

/* Begin PBXGroup section */
		F20E6388273012B0001D50AA = {
			isa = PBXGroup;
			children = (
				F20E6393273012B0001D50AA /* NewsAppDemo */,
				F20E63AD273012B3001D50AA /* NewsAppDemoTests */,
				F20E63B7273012B3001D50AA /* NewsAppDemoUITests */,
				F20E6392273012B0001D50AA /* Products */,
			);
			sourceTree = "<group>";
		};
		F20E6392273012B0001D50AA /* Products */ = {
			isa = PBXGroup;
			children = (
				F20E6391273012B0001D50AA /* NewsAppDemo.app */,
				F20E63AA273012B3001D50AA /* NewsAppDemoTests.xctest */,
				F20E63B4273012B3001D50AA /* NewsAppDemoUITests.xctest */,
			);
			name = Products;
			sourceTree = "<group>";
		};
		F20E6393273012B0001D50AA /* NewsAppDemo */ = {
			isa = PBXGroup;
			children = (
				F20E6394273012B0001D50AA /* AppDelegate.swift */,
				F20E6396273012B0001D50AA /* SceneDelegate.swift */,
				F20E6398273012B0001D50AA /* ViewController.swift */,
				F20E639A273012B0001D50AA /* Main.storyboard */,
				F20E63A0273012B2001D50AA /* Assets.xcassets */,
				F20E63A2273012B2001D50AA /* LaunchScreen.storyboard */,
				F20E63A5273012B2001D50AA /* Info.plist */,
				F20E639D273012B0001D50AA /* NewsAppDemo.xcdatamodeld */,
			);
			path = NewsAppDemo;
			sourceTree = "<group>";
		};
		F20E63AD273012B3001D50AA /* NewsAppDemoTests */ = {
			isa = PBXGroup;
			children = (
				F20E63AE273012B3001D50AA /* NewsAppDemoTests.swift */,
			);
			path = NewsAppDemoTests;
			sourceTree = "<group>";
		};
		F20E63B7273012B3001D50AA /* NewsAppDemoUITests */ = {
			isa = PBXGroup;
			children = (
				F20E63B8273012B3001D50AA /* NewsAppDemoUITests.swift */,
				F20E63BA273012B3001D50AA /* NewsAppDemoUITestsLaunchTests.swift */,
			);
			path = NewsAppDemoUITests;
			sourceTree = "<group>";
		};
/* End PBXGroup section */

/* Begin PBXNativeTarget section */
		F20E6390273012B0001D50AA /* NewsAppDemo */ = {
			isa = PBXNativeTarget;
			buildConfigurationList = F20E63BE273012B3001D50AA /* Build configuration list for PBXNativeTarget "NewsAppDemo" */;
			buildPhases = (
				F20E638D273012B0001D50AA /* Sources */,
				F20E638E273012B0001D50AA /* Frameworks */,
				F20E638F273012B0001D50AA /* Resources */,
			);
			buildRules = (
			);
			dependencies = (
			);
			name = NewsAppDemo;
			productName = NewsAppDemo;
			productReference = F20E6391273012B0001D50AA /* NewsAppDemo.app */;
			productType = "com.apple.product-type.application";
		};
		F20E63A9273012B3001D50AA /* NewsAppDemoTests */ = {
			isa = PBXNativeTarget;
			buildConfigurationList = F20E63C1273012B3001D50AA /* Build configuration list for PBXNativeTarget "NewsAppDemoTests" */;
			buildPhases = (
				F20E63A6273012B3001D50AA /* Sources */,
				F20E63A7273012B3001D50AA /* Frameworks */,
				F20E63A8273012B3001D50AA /* Resources */,
			);
			buildRules = (
			);
			dependencies = (
				F20E63AC273012B3001D50AA /* PBXTargetDependency */,
			);
			name = NewsAppDemoTests;
			productName = NewsAppDemoTests;
			productReference = F20E63AA273012B3001D50AA /* NewsAppDemoTests.xctest */;
			productType = "com.apple.product-type.bundle.unit-test";
		};
		F20E63B3273012B3001D50AA /* NewsAppDemoUITests */ = {
			isa = PBXNativeTarget;
			buildConfigurationList = F20E63C4273012B3001D50AA /* Build configuration list for PBXNativeTarget "NewsAppDemoUITests" */;
			buildPhases = (
				F20E63B0273012B3001D50AA /* Sources */,
				F20E63B1273012B3001D50AA /* Frameworks */,
				F20E63B2273012B3001D50AA /* Resources */,
			);
			buildRules = (
			);
			dependencies = (
				F20E63B6273012B3001D50AA /* PBXTargetDependency */,
			);
			name = NewsAppDemoUITests;
			productName = NewsAppDemoUITests;
			productReference = F20E63B4273012B3001D50AA /* NewsAppDemoUITests.xctest */;
			productType = "com.apple.product-type.bundle.ui-testing";
		};
/* End PBXNativeTarget section */

/* Begin PBXProject section */
		F20E6389273012B0001D50AA /* Project object */ = {
			isa = PBXProject;
			attributes = {
				BuildIndependentTargetsInParallel = 1;
				LastSwiftUpdateCheck = 1310;
				LastUpgradeCheck = 1310;
				TargetAttributes = {
					F20E6390273012B0001D50AA = {
						CreatedOnToolsVersion = 13.1;
					};
					F20E63A9273012B3001D50AA = {
						CreatedOnToolsVersion = 13.1;
						TestTargetID = F20E6390273012B0001D50AA;
					};
					F20E63B3273012B3001D50AA = {
						CreatedOnToolsVersion = 13.1;
						TestTargetID = F20E6390273012B0001D50AA;
					};
				};
			};
			buildConfigurationList = F20E638C273012B0001D50AA /* Build configuration list for PBXProject "NewsAppDemo" */;
			compatibilityVersion = "Xcode 13.0";
			developmentRegion = en;
			hasScannedForEncodings = 0;
			knownRegions = (
				en,
				Base,
			);
			mainGroup = F20E6388273012B0001D50AA;
			productRefGroup = F20E6392273012B0001D50AA /* Products */;
			projectDirPath = "";
			projectRoot = "";
			targets = (
				F20E6390273012B0001D50AA /* NewsAppDemo */,
				F20E63A9273012B3001D50AA /* NewsAppDemoTests */,
				F20E63B3273012B3001D50AA /* NewsAppDemoUITests */,
			);
		};
/* End PBXProject section */

/* Begin PBXResourcesBuildPhase section */
		F20E638F273012B0001D50AA /* Resources */ = {
			isa = PBXResourcesBuildPhase;
			buildActionMask = 2147483647;
			files = (
				F20E63A4273012B2001D50AA /* LaunchScreen.storyboard in Resources */,
				F20E63A1273012B2001D50AA /* Assets.xcassets in Resources */,
				F20E639C273012B0001D50AA /* Main.storyboard in Resources */,
			);
			runOnlyForDeploymentPostprocessing = 0;
		};
		F20E63A8273012B3001D50AA /* Resources */ = {
			isa = PBXResourcesBuildPhase;
			buildActionMask = 2147483647;
			files = (
			);
			runOnlyForDeploymentPostprocessing = 0;
		};
		F20E63B2273012B3001D50AA /* Resources */ = {
			isa = PBXResourcesBuildPhase;
			buildActionMask = 2147483647;
			files = (
			);
			runOnlyForDeploymentPostprocessing = 0;
		};
/* End PBXResourcesBuildPhase section */

/* Begin PBXSourcesBuildPhase section */
		F20E638D273012B0001D50AA /* Sources */ = {
			isa = PBXSourcesBuildPhase;
			buildActionMask = 2147483647;
			files = (
				F20E6399273012B0001D50AA /* ViewController.swift in Sources */,
				F20E6395273012B0001D50AA /* AppDelegate.swift in Sources */,
				F20E6397273012B0001D50AA /* SceneDelegate.swift in Sources */,
				F20E639F273012B0001D50AA /* NewsAppDemo.xcdatamodeld in Sources */,
			);
			runOnlyForDeploymentPostprocessing = 0;
		};
		F20E63A6273012B3001D50AA /* Sources */ = {
			isa = PBXSourcesBuildPhase;
			buildActionMask = 2147483647;
			files = (
				F20E63AF273012B3001D50AA /* NewsAppDemoTests.swift in Sources */,
			);
			runOnlyForDeploymentPostprocessing = 0;
		};
		F20E63B0273012B3001D50AA /* Sources */ = {
			isa = PBXSourcesBuildPhase;
			buildActionMask = 2147483647;
			files = (
				F20E63BB273012B3001D50AA /* NewsAppDemoUITestsLaunchTests.swift in Sources */,
				F20E63B9273012B3001D50AA /* NewsAppDemoUITests.swift in Sources */,
			);
			runOnlyForDeploymentPostprocessing = 0;
		};
/* End PBXSourcesBuildPhase section */

/* Begin PBXTargetDependency section */
		F20E63AC273012B3001D50AA /* PBXTargetDependency */ = {
			isa = PBXTargetDependency;
			target = F20E6390273012B0001D50AA /* NewsAppDemo */;
			targetProxy = F20E63AB273012B3001D50AA /* PBXContainerItemProxy */;
		};
		F20E63B6273012B3001D50AA /* PBXTargetDependency */ = {
			isa = PBXTargetDependency;
			target = F20E6390273012B0001D50AA /* NewsAppDemo */;
			targetProxy = F20E63B5273012B3001D50AA /* PBXContainerItemProxy */;
		};
/* End PBXTargetDependency section */

/* Begin PBXVariantGroup section */
		F20E639A273012B0001D50AA /* Main.storyboard */ = {
			isa = PBXVariantGroup;
			children = (
				F20E639B273012B0001D50AA /* Base */,
			);
			name = Main.storyboard;
			sourceTree = "<group>";
		};
		F20E63A2273012B2001D50AA /* LaunchScreen.storyboard */ = {
			isa = PBXVariantGroup;
			children = (
				F20E63A3273012B2001D50AA /* Base */,
			);
			name = LaunchScreen.storyboard;
			sourceTree = "<group>";
		};
/* End PBXVariantGroup section */

/* Begin XCBuildConfiguration section */
		F20E63BC273012B3001D50AA /* Debug */ = {
			isa = XCBuildConfiguration;
			buildSettings = {
				ALWAYS_SEARCH_USER_PATHS = NO;
				CLANG_ANALYZER_NONNULL = YES;
				CLANG_ANALYZER_NUMBER_OBJECT_CONVERSION = YES_AGGRESSIVE;
				CLANG_CXX_LANGUAGE_STANDARD = "gnu++17";
				CLANG_CXX_LIBRARY = "libc++";
				CLANG_ENABLE_MODULES = YES;
				CLANG_ENABLE_OBJC_ARC = YES;
				CLANG_ENABLE_OBJC_WEAK = YES;
				CLANG_WARN_BLOCK_CAPTURE_AUTORELEASING = YES;
				CLANG_WARN_BOOL_CONVERSION = YES;
				CLANG_WARN_COMMA = YES;
				CLANG_WARN_CONSTANT_CONVERSION = YES;
				CLANG_WARN_DEPRECATED_OBJC_IMPLEMENTATIONS = YES;
				CLANG_WARN_DIRECT_OBJC_ISA_USAGE = YES_ERROR;
				CLANG_WARN_DOCUMENTATION_COMMENTS = YES;
				CLANG_WARN_EMPTY_BODY = YES;
				CLANG_WARN_ENUM_CONVERSION = YES;
				CLANG_WARN_INFINITE_RECURSION = YES;
				CLANG_WARN_INT_CONVERSION = YES;
				CLANG_WARN_NON_LITERAL_NULL_CONVERSION = YES;
				CLANG_WARN_OBJC_IMPLICIT_RETAIN_SELF = YES;
				CLANG_WARN_OBJC_LITERAL_CONVERSION = YES;
				CLANG_WARN_OBJC_ROOT_CLASS = YES_ERROR;
				CLANG_WARN_QUOTED_INCLUDE_IN_FRAMEWORK_HEADER = YES;
				CLANG_WARN_RANGE_LOOP_ANALYSIS = YES;
				CLANG_WARN_STRICT_PROTOTYPES = YES;
				CLANG_WARN_SUSPICIOUS_MOVE = YES;
				CLANG_WARN_UNGUARDED_AVAILABILITY = YES_AGGRESSIVE;
				CLANG_WARN_UNREACHABLE_CODE = YES;
				CLANG_WARN__DUPLICATE_METHOD_MATCH = YES;
				COPY_PHASE_STRIP = NO;
				DEBUG_INFORMATION_FORMAT = dwarf;
				ENABLE_STRICT_OBJC_MSGSEND = YES;
				ENABLE_TESTABILITY = YES;
				GCC_C_LANGUAGE_STANDARD = gnu11;
				GCC_DYNAMIC_NO_PIC = NO;
				GCC_NO_COMMON_BLOCKS = YES;
				GCC_OPTIMIZATION_LEVEL = 0;
				GCC_PREPROCESSOR_DEFINITIONS = (
					"DEBUG=1",
					"$(inherited)",
				);
				GCC_WARN_64_TO_32_BIT_CONVERSION = YES;
				GCC_WARN_ABOUT_RETURN_TYPE = YES_ERROR;
				GCC_WARN_UNDECLARED_SELECTOR = YES;
				GCC_WARN_UNINITIALIZED_AUTOS = YES_AGGRESSIVE;
				GCC_WARN_UNUSED_FUNCTION = YES;
				GCC_WARN_UNUSED_VARIABLE = YES;
				IPHONEOS_DEPLOYMENT_TARGET = 15.0;
				MTL_ENABLE_DEBUG_INFO = INCLUDE_SOURCE;
				MTL_FAST_MATH = YES;
				ONLY_ACTIVE_ARCH = YES;
				SDKROOT = iphoneos;
				SWIFT_ACTIVE_COMPILATION_CONDITIONS = DEBUG;
				SWIFT_OPTIMIZATION_LEVEL = "-Onone";
			};
			name = Debug;
		};
		F20E63BD273012B3001D50AA /* Release */ = {
			isa = XCBuildConfiguration;
			buildSettings = {
				ALWAYS_SEARCH_USER_PATHS = NO;
				CLANG_ANALYZER_NONNULL = YES;
				CLANG_ANALYZER_NUMBER_OBJECT_CONVERSION = YES_AGGRESSIVE;
				CLANG_CXX_LANGUAGE_STANDARD = "gnu++17";
				CLANG_CXX_LIBRARY = "libc++";
				CLANG_ENABLE_MODULES = YES;
				CLANG_ENABLE_OBJC_ARC = YES;
				CLANG_ENABLE_OBJC_WEAK = YES;
				CLANG_WARN_BLOCK_CAPTURE_AUTORELEASING = YES;
				CLANG_WARN_BOOL_CONVERSION = YES;
				CLANG_WARN_COMMA = YES;
				CLANG_WARN_CONSTANT_CONVERSION = YES;
				CLANG_WARN_DEPRECATED_OBJC_IMPLEMENTATIONS = YES;
				CLANG_WARN_DIRECT_OBJC_ISA_USAGE = YES_ERROR;
				CLANG_WARN_DOCUMENTATION_COMMENTS = YES;
				CLANG_WARN_EMPTY_BODY = YES;
				CLANG_WARN_ENUM_CONVERSION = YES;
				CLANG_WARN_INFINITE_RECURSION = YES;
				CLANG_WARN_INT_CONVERSION = YES;
				CLANG_WARN_NON_LITERAL_NULL_CONVERSION = YES;
				CLANG_WARN_OBJC_IMPLICIT_RETAIN_SELF = YES;
				CLANG_WARN_OBJC_LITERAL_CONVERSION = YES;
				CLANG_WARN_OBJC_ROOT_CLASS = YES_ERROR;
				CLANG_WARN_QUOTED_INCLUDE_IN_FRAMEWORK_HEADER = YES;
				CLANG_WARN_RANGE_LOOP_ANALYSIS = YES;
				CLANG_WARN_STRICT_PROTOTYPES = YES;
				CLANG_WARN_SUSPICIOUS_MOVE = YES;
				CLANG_WARN_UNGUARDED_AVAILABILITY = YES_AGGRESSIVE;
				CLANG_WARN_UNREACHABLE_CODE = YES;
				CLANG_WARN__DUPLICATE_METHOD_MATCH = YES;
				COPY_PHASE_STRIP = NO;
				DEBUG_INFORMATION_FORMAT = "dwarf-with-dsym";
				ENABLE_NS_ASSERTIONS = NO;
				ENABLE_STRICT_OBJC_MSGSEND = YES;
				GCC_C_LANGUAGE_STANDARD = gnu11;
				GCC_NO_COMMON_BLOCKS = YES;
				GCC_WARN_64_TO_32_BIT_CONVERSION = YES;
				GCC_WARN_ABOUT_RETURN_TYPE = YES_ERROR;
				GCC_WARN_UNDECLARED_SELECTOR = YES;
				GCC_WARN_UNINITIALIZED_AUTOS = YES_AGGRESSIVE;
				GCC_WARN_UNUSED_FUNCTION = YES;
				GCC_WARN_UNUSED_VARIABLE = YES;
				IPHONEOS_DEPLOYMENT_TARGET = 15.0;
				MTL_ENABLE_DEBUG_INFO = NO;
				MTL_FAST_MATH = YES;
				SDKROOT = iphoneos;
				SWIFT_COMPILATION_MODE = wholemodule;
				SWIFT_OPTIMIZATION_LEVEL = "-O";
				VALIDATE_PRODUCT = YES;
			};
			name = Release;
		};
		F20E63BF273012B3001D50AA /* Debug */ = {
			isa = XCBuildConfiguration;
			buildSettings = {
				ASSETCATALOG_COMPILER_APPICON_NAME = AppIcon;
				ASSETCATALOG_COMPILER_GLOBAL_ACCENT_COLOR_NAME = AccentColor;
				CODE_SIGN_STYLE = Automatic;
				CURRENT_PROJECT_VERSION = 1;
				DEVELOPMENT_TEAM = 3M836W6KGH;
				GENERATE_INFOPLIST_FILE = YES;
				INFOPLIST_FILE = NewsAppDemo/Info.plist;
				INFOPLIST_KEY_UIApplicationSupportsIndirectInputEvents = YES;
				INFOPLIST_KEY_UILaunchStoryboardName = LaunchScreen;
				INFOPLIST_KEY_UIMainStoryboardFile = Main;
				INFOPLIST_KEY_UISupportedInterfaceOrientations_iPad = "UIInterfaceOrientationPortrait UIInterfaceOrientationPortraitUpsideDown UIInterfaceOrientationLandscapeLeft UIInterfaceOrientationLandscapeRight";
				INFOPLIST_KEY_UISupportedInterfaceOrientations_iPhone = "UIInterfaceOrientationPortrait UIInterfaceOrientationLandscapeLeft UIInterfaceOrientationLandscapeRight";
				LD_RUNPATH_SEARCH_PATHS = (
					"$(inherited)",
					"@executable_path/Frameworks",
				);
				MARKETING_VERSION = 1.0;
				PRODUCT_BUNDLE_IDENTIFIER = me.therakiburkhan.app.NewsAppDemo;
				PRODUCT_NAME = "$(TARGET_NAME)";
				SWIFT_EMIT_LOC_STRINGS = YES;
				SWIFT_VERSION = 5.0;
				TARGETED_DEVICE_FAMILY = "1,2";
			};
			name = Debug;
		};
		F20E63C0273012B3001D50AA /* Release */ = {
			isa = XCBuildConfiguration;
			buildSettings = {
				ASSETCATALOG_COMPILER_APPICON_NAME = AppIcon;
				ASSETCATALOG_COMPILER_GLOBAL_ACCENT_COLOR_NAME = AccentColor;
				CODE_SIGN_STYLE = Automatic;
				CURRENT_PROJECT_VERSION = 1;
				DEVELOPMENT_TEAM = 3M836W6KGH;
				GENERATE_INFOPLIST_FILE = YES;
				INFOPLIST_FILE = NewsAppDemo/Info.plist;
				INFOPLIST_KEY_UIApplicationSupportsIndirectInputEvents = YES;
				INFOPLIST_KEY_UILaunchStoryboardName = LaunchScreen;
				INFOPLIST_KEY_UIMainStoryboardFile = Main;
				INFOPLIST_KEY_UISupportedInterfaceOrientations_iPad = "UIInterfaceOrientationPortrait UIInterfaceOrientationPortraitUpsideDown UIInterfaceOrientationLandscapeLeft UIInterfaceOrientationLandscapeRight";
				INFOPLIST_KEY_UISupportedInterfaceOrientations_iPhone = "UIInterfaceOrientationPortrait UIInterfaceOrientationLandscapeLeft UIInterfaceOrientationLandscapeRight";
				LD_RUNPATH_SEARCH_PATHS = (
					"$(inherited)",
					"@executable_path/Frameworks",
				);
				MARKETING_VERSION = 1.0;
				PRODUCT_BUNDLE_IDENTIFIER = me.therakiburkhan.app.NewsAppDemo;
				PRODUCT_NAME = "$(TARGET_NAME)";
				SWIFT_EMIT_LOC_STRINGS = YES;
				SWIFT_VERSION = 5.0;
				TARGETED_DEVICE_FAMILY = "1,2";
			};
			name = Release;
		};
		F20E63C2273012B3001D50AA /* Debug */ = {
			isa = XCBuildConfiguration;
			buildSettings = {
				ALWAYS_EMBED_SWIFT_STANDARD_LIBRARIES = YES;
				BUNDLE_LOADER = "$(TEST_HOST)";
				CODE_SIGN_STYLE = Automatic;
				CURRENT_PROJECT_VERSION = 1;
				DEVELOPMENT_TEAM = 3M836W6KGH;
				GENERATE_INFOPLIST_FILE = YES;
				IPHONEOS_DEPLOYMENT_TARGET = 15.0;
				LD_RUNPATH_SEARCH_PATHS = (
					"$(inherited)",
					"@executable_path/Frameworks",
					"@loader_path/Frameworks",
				);
				MARKETING_VERSION = 1.0;
				PRODUCT_BUNDLE_IDENTIFIER = me.therakiburkhan.app.NewsAppDemoTests;
				PRODUCT_NAME = "$(TARGET_NAME)";
				SWIFT_EMIT_LOC_STRINGS = NO;
				SWIFT_VERSION = 5.0;
				TARGETED_DEVICE_FAMILY = "1,2";
				TEST_HOST = "$(BUILT_PRODUCTS_DIR)/NewsAppDemo.app/NewsAppDemo";
			};
			name = Debug;
		};
		F20E63C3273012B3001D50AA /* Release */ = {
			isa = XCBuildConfiguration;
			buildSettings = {
				ALWAYS_EMBED_SWIFT_STANDARD_LIBRARIES = YES;
				BUNDLE_LOADER = "$(TEST_HOST)";
				CODE_SIGN_STYLE = Automatic;
				CURRENT_PROJECT_VERSION = 1;
				DEVELOPMENT_TEAM = 3M836W6KGH;
				GENERATE_INFOPLIST_FILE = YES;
				IPHONEOS_DEPLOYMENT_TARGET = 15.0;
				LD_RUNPATH_SEARCH_PATHS = (
					"$(inherited)",
					"@executable_path/Frameworks",
					"@loader_path/Frameworks",
				);
				MARKETING_VERSION = 1.0;
				PRODUCT_BUNDLE_IDENTIFIER = me.therakiburkhan.app.NewsAppDemoTests;
				PRODUCT_NAME = "$(TARGET_NAME)";
				SWIFT_EMIT_LOC_STRINGS = NO;
				SWIFT_VERSION = 5.0;
				TARGETED_DEVICE_FAMILY = "1,2";
				TEST_HOST = "$(BUILT_PRODUCTS_DIR)/NewsAppDemo.app/NewsAppDemo";
			};
			name = Release;
		};
		F20E63C5273012B3001D50AA /* Debug */ = {
			isa = XCBuildConfiguration;
			buildSettings = {
				ALWAYS_EMBED_SWIFT_STANDARD_LIBRARIES = YES;
				CODE_SIGN_STYLE = Automatic;
				CURRENT_PROJECT_VERSION = 1;
				DEVELOPMENT_TEAM = 3M836W6KGH;
				GENERATE_INFOPLIST_FILE = YES;
				LD_RUNPATH_SEARCH_PATHS = (
					"$(inherited)",
					"@executable_path/Frameworks",
					"@loader_path/Frameworks",
				);
				MARKETING_VERSION = 1.0;
				PRODUCT_BUNDLE_IDENTIFIER = me.therakiburkhan.app.NewsAppDemoUITests;
				PRODUCT_NAME = "$(TARGET_NAME)";
				SWIFT_EMIT_LOC_STRINGS = NO;
				SWIFT_VERSION = 5.0;
				TARGETED_DEVICE_FAMILY = "1,2";
				TEST_TARGET_NAME = NewsAppDemo;
			};
			name = Debug;
		};
		F20E63C6273012B3001D50AA /* Release */ = {
			isa = XCBuildConfiguration;
			buildSettings = {
				ALWAYS_EMBED_SWIFT_STANDARD_LIBRARIES = YES;
				CODE_SIGN_STYLE = Automatic;
				CURRENT_PROJECT_VERSION = 1;
				DEVELOPMENT_TEAM = 3M836W6KGH;
				GENERATE_INFOPLIST_FILE = YES;
				LD_RUNPATH_SEARCH_PATHS = (
					"$(inherited)",
					"@executable_path/Frameworks",
					"@loader_path/Frameworks",
				);
				MARKETING_VERSION = 1.0;
				PRODUCT_BUNDLE_IDENTIFIER = me.therakiburkhan.app.NewsAppDemoUITests;
				PRODUCT_NAME = "$(TARGET_NAME)";
				SWIFT_EMIT_LOC_STRINGS = NO;
				SWIFT_VERSION = 5.0;
				TARGETED_DEVICE_FAMILY = "1,2";
				TEST_TARGET_NAME = NewsAppDemo;
			};
			name = Release;
		};
/* End XCBuildConfiguration section */

/* Begin XCConfigurationList section */
		F20E638C273012B0001D50AA /* Build configuration list for PBXProject "NewsAppDemo" */ = {
			isa = XCConfigurationList;
			buildConfigurations = (
				F20E63BC273012B3001D50AA /* Debug */,
				F20E63BD273012B3001D50AA /* Release */,
			);
			defaultConfigurationIsVisible = 0;
			defaultConfigurationName = Release;
		};
		F20E63BE273012B3001D50AA /* Build configuration list for PBXNativeTarget "NewsAppDemo" */ = {
			isa = XCConfigurationList;
			buildConfigurations = (
				F20E63BF273012B3001D50AA /* Debug */,
				F20E63C0273012B3001D50AA /* Release */,
			);
			defaultConfigurationIsVisible = 0;
			defaultConfigurationName = Release;
		};
		F20E63C1273012B3001D50AA /* Build configuration list for PBXNativeTarget "NewsAppDemoTests" */ = {
			isa = XCConfigurationList;
			buildConfigurations = (
				F20E63C2273012B3001D50AA /* Debug */,
				F20E63C3273012B3001D50AA /* Release */,
			);
			defaultConfigurationIsVisible = 0;
			defaultConfigurationName = Release;
		};
		F20E63C4273012B3001D50AA /* Build configuration list for PBXNativeTarget "NewsAppDemoUITests" */ = {
			isa = XCConfigurationList;
			buildConfigurations = (
				F20E63C5273012B3001D50AA /* Debug */,
				F20E63C6273012B3001D50AA /* Release */,
			);
			defaultConfigurationIsVisible = 0;
			defaultConfigurationName = Release;
		};
/* End XCConfigurationList section */

/* Begin XCVersionGroup section */
		F20E639D273012B0001D50AA /* NewsAppDemo.xcdatamodeld */ = {
			isa = XCVersionGroup;
			children = (
				F20E639E273012B0001D50AA /* NewsAppDemo.xcdatamodel */,
			);
			currentVersion = F20E639E273012B0001D50AA /* NewsAppDemo.xcdatamodel */;
			path = NewsAppDemo.xcdatamodeld;
			sourceTree = "<group>";
			versionGroupType = wrapper.xcdatamodel;
		};
/* End XCVersionGroup section */
	};
	rootObject = F20E6389273012B0001D50AA /* Project object */;
}
